
Microsoft Visual Studio Solution File, Format Version 12.00
# Visual Studio 15
VisualStudioVersion = 15.0.27428.2011
MinimumVisualStudioVersion = 10.0.40219.1
Project("{9A19103F-16F7-4668-BE54-9A1E7A4F7556}") = "excelAzureBackend", "excelAzureBackend\excelAzureBackend.csproj", "{72110223-1C2D-48F6-9B51-A9B8FB1249D6}"
EndProject
Project("{FAE04EC0-301F-11D3-BF4B-00C04F79EFBC}") = "excelAzureClientNative", "excelAzureClientNative\excelAzureClientNative.csproj", "{6005DDDA-6F8F-4C49-B1CB-7D82633BB55E}"
EndProject
Project("{9A19103F-16F7-4668-BE54-9A1E7A4F7556}") = "excelAzureStore", "excelAzureStore\excelAzureStore.csproj", "{9F4EFE88-73AA-4814-B298-7884ADF32AEF}"
EndProject
Global
	GlobalSection(SolutionConfigurationPlatforms) = preSolution
		Debug|Any CPU = Debug|Any CPU
		Release|Any CPU = Release|Any CPU
	EndGlobalSection
	GlobalSection(ProjectConfigurationPlatforms) = postSolution
		{72110223-1C2D-48F6-9B51-A9B8FB1249D6}.Debug|Any CPU.ActiveCfg = Debug|Any CPU
		{72110223-1C2D-48F6-9B51-A9B8FB1249D6}.Debug|Any CPU.Build.0 = Debug|Any CPU
		{72110223-1C2D-48F6-9B51-A9B8FB1249D6}.Release|Any CPU.ActiveCfg = Release|Any CPU
		{72110223-1C2D-48F6-9B51-A9B8FB1249D6}.Release|Any CPU.Build.0 = Release|Any CPU
		{6005DDDA-6F8F-4C49-B1CB-7D82633BB55E}.Debug|Any CPU.ActiveCfg = Debug|Any CPU
		{6005DDDA-6F8F-4C49-B1CB-7D82633BB55E}.Debug|Any CPU.Build.0 = Debug|Any CPU
		{6005DDDA-6F8F-4C49-B1CB-7D82633BB55E}.Release|Any CPU.ActiveCfg = Release|Any CPU
		{6005DDDA-6F8F-4C49-B1CB-7D82633BB55E}.Release|Any CPU.Build.0 = Release|Any CPU
		{9F4EFE88-73AA-4814-B298-7884ADF32AEF}.Debug|Any CPU.ActiveCfg = Debug|Any CPU
		{9F4EFE88-73AA-4814-B298-7884ADF32AEF}.Debug|Any CPU.Build.0 = Debug|Any CPU
		{9F4EFE88-73AA-4814-B298-7884ADF32AEF}.Release|Any CPU.ActiveCfg = Release|Any CPU
		{9F4EFE88-73AA-4814-B298-7884ADF32AEF}.Release|Any CPU.Build.0 = Release|Any CPU
	EndGlobalSection
	GlobalSection(SolutionProperties) = preSolution
		HideSolutionNode = FALSE
	EndGlobalSection
	GlobalSection(ExtensibilityGlobals) = postSolution
		SolutionGuid = {2A2D22B4-D2B5-484D-8421-0E8394C604BC}
	EndGlobalSection
EndGlobal
